
Microsoft Visual Studio Solution File, Format Version 12.00
Project("{FAE04EC0-301F-11D3-BF4B-00C04F79EFBC}") = "App", "App\App.csproj", "{24BE0A6A-40B2-44FB-8576-D0186A1E8182}"
EndProject
Project("{FAE04EC0-301F-11D3-BF4B-00C04F79EFBC}") = "App.Tests", "App.Tests\App.Tests.csproj", "{63511681-CDD8-47B0-9E42-72725AA9864C}"
EndProject
Global
	GlobalSection(SolutionConfigurationPlatforms) = preSolution
		Debug|Any CPU = Debug|Any CPU
		Release|Any CPU = Release|Any CPU
	EndGlobalSection
	GlobalSection(ProjectConfigurationPlatforms) = postSolution
		{24BE0A6A-40B2-44FB-8576-D0186A1E8182}.Debug|Any CPU.ActiveCfg = Debug|Any CPU
		{24BE0A6A-40B2-44FB-8576-D0186A1E8182}.Debug|Any CPU.Build.0 = Debug|Any CPU
		{24BE0A6A-40B2-44FB-8576-D0186A1E8182}.Release|Any CPU.ActiveCfg = Release|Any CPU
		{24BE0A6A-40B2-44FB-8576-D0186A1E8182}.Release|Any CPU.Build.0 = Release|Any CPU
		{63511681-CDD8-47B0-9E42-72725AA9864C}.Debug|Any CPU.ActiveCfg = Debug|Any CPU
		{63511681-CDD8-47B0-9E42-72725AA9864C}.Debug|Any CPU.Build.0 = Debug|Any CPU
		{63511681-CDD8-47B0-9E42-72725AA9864C}.Release|Any CPU.ActiveCfg = Release|Any CPU
		{63511681-CDD8-47B0-9E42-72725AA9864C}.Release|Any CPU.Build.0 = Release|Any CPU
	EndGlobalSection
EndGlobal
